PODS:
  - Expecta (1.0.5)
  - PLForm (0.1.6):
    - PureLayout
  - PLFormViewController (0.1.4):
    - PLForm
    - PLTableManager
    - PureLayout
  - PLTableManager (0.1.1)
  - PureLayout (3.0.1)
  - TPKeyboardAvoiding (1.2.11)

DEPENDENCIES:
  - Expecta
  - PLForm
  - PLFormViewController (from `../`)
  - PLTableManager
  - TPKeyboardAvoiding

EXTERNAL SOURCES:
  PLFormViewController:
    :path: "../"

SPEC CHECKSUMS:
  Expecta: e1c022fcd33910b6be89c291d2775b3fe27a89fe
  PLForm: ef98e25875079ff22eedf51b16e0f0184f8c7942
  PLFormViewController: 0abd97832aff76fd76432bab4924de80915a9a70
  PLTableManager: ed4806bde600dc5cf2fe04dec3bae33c0da18e8a
  PureLayout: f35f5384c9c4e4479df041dbe33ad7577b71ddfb
  TPKeyboardAvoiding: e5ce146b313de063957bfa75a13f1e9b0ff18ab7

PODFILE CHECKSUM: 2db078b7b1c4cf51317dee05dafc2556bf0ca481

COCOAPODS: 1.0.1
